// !$*UTF8*$!
{
	archiveVersion = 1;
	classes = {
	};
	objectVersion = 60;
	objects = {

/* Begin PBXBuildFile section */
		BA3E15942D0C7E3C0082C465 /* Cocktail.swift in Sources */ = {isa = PBXBuildFile; fileRef = BA3E15932D0C7E3C0082C465 /* Cocktail.swift */; };
		BA3E15982D0C813C0082C465 /* CoreDataManager.swift in Sources */ = {isa = PBXBuildFile; fileRef = BA3E15972D0C813C0082C465 /* CoreDataManager.swift */; };
		BA3E159A2D0C81590082C465 /* CocktailsViewModel.swift in Sources */ = {isa = PBXBuildFile; fileRef = BA3E15992D0C81590082C465 /* CocktailsViewModel.swift */; };
		BA3E159C2D0C81710082C465 /* CocktailsView.swift in Sources */ = {isa = PBXBuildFile; fileRef = BA3E159B2D0C81710082C465 /* CocktailsView.swift */; };
		BA3E159E2D0C818D0082C465 /* CocktailRowView.swift in Sources */ = {isa = PBXBuildFile; fileRef = BA3E159D2D0C818D0082C465 /* CocktailRowView.swift */; };
		BA3E15A02D0C81A00082C465 /* CocktailDetailView.swift in Sources */ = {isa = PBXBuildFile; fileRef = BA3E159F2D0C81A00082C465 /* CocktailDetailView.swift */; };
		BA4768762D0E078900193BE7 /* CocktailDB.xcdatamodeld in Sources */ = {isa = PBXBuildFile; fileRef = BA4768742D0E078900193BE7 /* CocktailDB.xcdatamodeld */; };
		BA4768772D0E078900193BE7 /* CocktailDB.xcdatamodeld in Sources */ = {isa = PBXBuildFile; fileRef = BA4768742D0E078900193BE7 /* CocktailDB.xcdatamodeld */; };
		BA4768802D0E14DA00193BE7 /* CocktailDBEntity+CoreDataClass.swift in Sources */ = {isa = PBXBuildFile; fileRef = BA47687E2D0E14DA00193BE7 /* CocktailDBEntity+CoreDataClass.swift */; };
		BA4768812D0E14DA00193BE7 /* CocktailDBEntity+CoreDataProperties.swift in Sources */ = {isa = PBXBuildFile; fileRef = BA47687F2D0E14DA00193BE7 /* CocktailDBEntity+CoreDataProperties.swift */; };
		BA56752F2D0F2AC200BAEB3A /* CoreDataManagerTests.swift in Sources */ = {isa = PBXBuildFile; fileRef = BA56752E2D0F2AC200BAEB3A /* CoreDataManagerTests.swift */; };
		BA5675312D0F2C0900BAEB3A /* CocktailsViewTests.swift in Sources */ = {isa = PBXBuildFile; fileRef = BA5675302D0F2C0900BAEB3A /* CocktailsViewTests.swift */; };
		BA5675332D0F2E3D00BAEB3A /* CocktailRowViewTests.swift in Sources */ = {isa = PBXBuildFile; fileRef = BA5675322D0F2E3D00BAEB3A /* CocktailRowViewTests.swift */; };
		BA5675352D0F2F3400BAEB3A /* CocktailDetailViewTests.swift in Sources */ = {isa = PBXBuildFile; fileRef = BA5675342D0F2F3400BAEB3A /* CocktailDetailViewTests.swift */; };
		BA5675372D0F2FDD00BAEB3A /* CocktailTests.swift in Sources */ = {isa = PBXBuildFile; fileRef = BA5675362D0F2FDD00BAEB3A /* CocktailTests.swift */; };
		BA56753E2D0F564300BAEB3A /* Localizable.strings in Resources */ = {isa = PBXBuildFile; fileRef = BA56753C2D0F564300BAEB3A /* Localizable.strings */; };
		BA5675472D0F65A100BAEB3A /* CocktailsAPI in Frameworks */ = {isa = PBXBuildFile; productRef = BA5675462D0F65A100BAEB3A /* CocktailsAPI */; };
		BA56754C2D0F6B7100BAEB3A /* sample.json in Resources */ = {isa = PBXBuildFile; fileRef = BA56754B2D0F6B7100BAEB3A /* sample.json */; };
		BA6FD6282D0EF9C7007974AF /* CocktailsViewModelTests.swift in Sources */ = {isa = PBXBuildFile; fileRef = BA6FD6272D0EF9C7007974AF /* CocktailsViewModelTests.swift */; };
		E8324E7A262076EB00FD2124 /* AppDelegate.swift in Sources */ = {isa = PBXBuildFile; fileRef = E8324E79262076EB00FD2124 /* AppDelegate.swift */; };
		E8324E7C262076EB00FD2124 /* SceneDelegate.swift in Sources */ = {isa = PBXBuildFile; fileRef = E8324E7B262076EB00FD2124 /* SceneDelegate.swift */; };
		E8324E80262076EE00FD2124 /* Assets.xcassets in Resources */ = {isa = PBXBuildFile; fileRef = E8324E7F262076EE00FD2124 /* Assets.xcassets */; };
		E8324E86262076EE00FD2124 /* LaunchScreen.storyboard in Resources */ = {isa = PBXBuildFile; fileRef = E8324E84262076EE00FD2124 /* LaunchScreen.storyboard */; };
		E8324E9C262076EE00FD2124 /* CocktailBookUITests.swift in Sources */ = {isa = PBXBuildFile; fileRef = E8324E9B262076EE00FD2124 /* CocktailBookUITests.swift */; };
		E8324EAD2620774B00FD2124 /* MainScreenViewController.swift in Sources */ = {isa = PBXBuildFile; fileRef = E8324EAC2620774B00FD2124 /* MainScreenViewController.swift */; };
/* End PBXBuildFile section */

/* Begin PBXContainerItemProxy section */
		E8324E8D262076EE00FD2124 /* PBXContainerItemProxy */ = {
			isa = PBXContainerItemProxy;
			containerPortal = E8324E6E262076EB00FD2124 /* Project object */;
			proxyType = 1;
			remoteGlobalIDString = E8324E75262076EB00FD2124;
			remoteInfo = CocktailBook;
		};
		E8324E98262076EE00FD2124 /* PBXContainerItemProxy */ = {
			isa = PBXContainerItemProxy;
			containerPortal = E8324E6E262076EB00FD2124 /* Project object */;
			proxyType = 1;
			remoteGlobalIDString = E8324E75262076EB00FD2124;
			remoteInfo = CocktailBook;
		};
/* End PBXContainerItemProxy section */

/* Begin PBXFileReference section */
		BA3E15932D0C7E3C0082C465 /* Cocktail.swift */ = {isa = PBXFileReference; lastKnownFileType = sourcecode.swift; path = Cocktail.swift; sourceTree = "<group>"; };
		BA3E15972D0C813C0082C465 /* CoreDataManager.swift */ = {isa = PBXFileReference; lastKnownFileType = sourcecode.swift; path = CoreDataManager.swift; sourceTree = "<group>"; };
		BA3E15992D0C81590082C465 /* CocktailsViewModel.swift */ = {isa = PBXFileReference; lastKnownFileType = sourcecode.swift; path = CocktailsViewModel.swift; sourceTree = "<group>"; };
		BA3E159B2D0C81710082C465 /* CocktailsView.swift */ = {isa = PBXFileReference; lastKnownFileType = sourcecode.swift; path = CocktailsView.swift; sourceTree = "<group>"; };
		BA3E159D2D0C818D0082C465 /* CocktailRowView.swift */ = {isa = PBXFileReference; lastKnownFileType = sourcecode.swift; path = CocktailRowView.swift; sourceTree = "<group>"; };
		BA3E159F2D0C81A00082C465 /* CocktailDetailView.swift */ = {isa = PBXFileReference; lastKnownFileType = sourcecode.swift; path = CocktailDetailView.swift; sourceTree = "<group>"; };
		BA4768752D0E078900193BE7 /* CocktailDBEntity.xcdatamodel */ = {isa = PBXFileReference; lastKnownFileType = wrapper.xcdatamodel; path = CocktailDBEntity.xcdatamodel; sourceTree = "<group>"; };
		BA47687E2D0E14DA00193BE7 /* CocktailDBEntity+CoreDataClass.swift */ = {isa = PBXFileReference; lastKnownFileType = sourcecode.swift; path = "CocktailDBEntity+CoreDataClass.swift"; sourceTree = "<group>"; };
		BA47687F2D0E14DA00193BE7 /* CocktailDBEntity+CoreDataProperties.swift */ = {isa = PBXFileReference; lastKnownFileType = sourcecode.swift; path = "CocktailDBEntity+CoreDataProperties.swift"; sourceTree = "<group>"; };
		BA56752E2D0F2AC200BAEB3A /* CoreDataManagerTests.swift */ = {isa = PBXFileReference; lastKnownFileType = sourcecode.swift; path = CoreDataManagerTests.swift; sourceTree = "<group>"; };
		BA5675302D0F2C0900BAEB3A /* CocktailsViewTests.swift */ = {isa = PBXFileReference; lastKnownFileType = sourcecode.swift; path = CocktailsViewTests.swift; sourceTree = "<group>"; };
		BA5675322D0F2E3D00BAEB3A /* CocktailRowViewTests.swift */ = {isa = PBXFileReference; lastKnownFileType = sourcecode.swift; path = CocktailRowViewTests.swift; sourceTree = "<group>"; };
		BA5675342D0F2F3400BAEB3A /* CocktailDetailViewTests.swift */ = {isa = PBXFileReference; lastKnownFileType = sourcecode.swift; path = CocktailDetailViewTests.swift; sourceTree = "<group>"; };
		BA5675362D0F2FDD00BAEB3A /* CocktailTests.swift */ = {isa = PBXFileReference; lastKnownFileType = sourcecode.swift; path = CocktailTests.swift; sourceTree = "<group>"; };
		BA56753D2D0F564300BAEB3A /* en */ = {isa = PBXFileReference; lastKnownFileType = text.plist.strings; name = en; path = en.lproj/Localizable.strings; sourceTree = "<group>"; };
		BA56754B2D0F6B7100BAEB3A /* sample.json */ = {isa = PBXFileReference; fileEncoding = 4; lastKnownFileType = text.json; name = sample.json; path = CocktailsAPIPackage/Sources/CocktailsAPI/Resources/sample.json; sourceTree = SOURCE_ROOT; };
		BA6FD6272D0EF9C7007974AF /* CocktailsViewModelTests.swift */ = {isa = PBXFileReference; lastKnownFileType = sourcecode.swift; path = CocktailsViewModelTests.swift; sourceTree = "<group>"; };
		E8324E76262076EB00FD2124 /* CocktailBook.app */ = {isa = PBXFileReference; explicitFileType = wrapper.application; includeInIndex = 0; path = CocktailBook.app; sourceTree = BUILT_PRODUCTS_DIR; };
		E8324E79262076EB00FD2124 /* AppDelegate.swift */ = {isa = PBXFileReference; lastKnownFileType = sourcecode.swift; path = AppDelegate.swift; sourceTree = "<group>"; };
		E8324E7B262076EB00FD2124 /* SceneDelegate.swift */ = {isa = PBXFileReference; lastKnownFileType = sourcecode.swift; path = SceneDelegate.swift; sourceTree = "<group>"; };
		E8324E7F262076EE00FD2124 /* Assets.xcassets */ = {isa = PBXFileReference; lastKnownFileType = folder.assetcatalog; path = Assets.xcassets; sourceTree = "<group>"; };
		E8324E85262076EE00FD2124 /* Base */ = {isa = PBXFileReference; lastKnownFileType = file.storyboard; name = Base; path = Base.lproj/LaunchScreen.storyboard; sourceTree = "<group>"; };
		E8324E87262076EE00FD2124 /* Info.plist */ = {isa = PBXFileReference; lastKnownFileType = text.plist.xml; path = Info.plist; sourceTree = "<group>"; };
		E8324E8C262076EE00FD2124 /* CocktailBookTests.xctest */ = {isa = PBXFileReference; explicitFileType = wrapper.cfbundle; includeInIndex = 0; path = CocktailBookTests.xctest; sourceTree = BUILT_PRODUCTS_DIR; };
		E8324E92262076EE00FD2124 /* Info.plist */ = {isa = PBXFileReference; lastKnownFileType = text.plist.xml; path = Info.plist; sourceTree = "<group>"; };
		E8324E97262076EE00FD2124 /* CocktailBookUITests.xctest */ = {isa = PBXFileReference; explicitFileType = wrapper.cfbundle; includeInIndex = 0; path = CocktailBookUITests.xctest; sourceTree = BUILT_PRODUCTS_DIR; };
		E8324E9B262076EE00FD2124 /* CocktailBookUITests.swift */ = {isa = PBXFileReference; lastKnownFileType = sourcecode.swift; path = CocktailBookUITests.swift; sourceTree = "<group>"; };
		E8324E9D262076EE00FD2124 /* Info.plist */ = {isa = PBXFileReference; lastKnownFileType = text.plist.xml; path = Info.plist; sourceTree = "<group>"; };
		E8324EAC2620774B00FD2124 /* MainScreenViewController.swift */ = {isa = PBXFileReference; lastKnownFileType = sourcecode.swift; path = MainScreenViewController.swift; sourceTree = "<group>"; };
/* End PBXFileReference section */

/* Begin PBXFrameworksBuildPhase section */
		E8324E73262076EB00FD2124 /* Frameworks */ = {
			isa = PBXFrameworksBuildPhase;
			buildActionMask = 2147483647;
			files = (
				BA5675472D0F65A100BAEB3A /* CocktailsAPI in Frameworks */,
			);
			runOnlyForDeploymentPostprocessing = 0;
		};
		E8324E89262076EE00FD2124 /* Frameworks */ = {
			isa = PBXFrameworksBuildPhase;
			buildActionMask = 2147483647;
			files = (
			);
			runOnlyForDeploymentPostprocessing = 0;
		};
		E8324E94262076EE00FD2124 /* Frameworks */ = {
			isa = PBXFrameworksBuildPhase;
			buildActionMask = 2147483647;
			files = (
			);
			runOnlyForDeploymentPostprocessing = 0;
		};
/* End PBXFrameworksBuildPhase section */

/* Begin PBXGroup section */
		BA47684C2D0DFB7900193BE7 /* DatabaseManager */ = {
			isa = PBXGroup;
			children = (
				BA3E15972D0C813C0082C465 /* CoreDataManager.swift */,
				BA47687E2D0E14DA00193BE7 /* CocktailDBEntity+CoreDataClass.swift */,
				BA47687F2D0E14DA00193BE7 /* CocktailDBEntity+CoreDataProperties.swift */,
				BA4768742D0E078900193BE7 /* CocktailDB.xcdatamodeld */,
			);
			path = DatabaseManager;
			sourceTree = SOURCE_ROOT;
		};
		BA56753F2D0F58FD00BAEB3A /* View */ = {
			isa = PBXGroup;
			children = (
				BA3E159B2D0C81710082C465 /* CocktailsView.swift */,
				BA3E159D2D0C818D0082C465 /* CocktailRowView.swift */,
				BA3E159F2D0C81A00082C465 /* CocktailDetailView.swift */,
			);
			path = View;
			sourceTree = "<group>";
		};
		BA5675402D0F590600BAEB3A /* Model */ = {
			isa = PBXGroup;
			children = (
				BA3E15932D0C7E3C0082C465 /* Cocktail.swift */,
			);
			path = Model;
			sourceTree = "<group>";
		};
		BA5675412D0F590F00BAEB3A /* ViewModel */ = {
			isa = PBXGroup;
			children = (
				BA3E15992D0C81590082C465 /* CocktailsViewModel.swift */,
			);
			path = ViewModel;
			sourceTree = "<group>";
		};
		E8324E6D262076EB00FD2124 = {
			isa = PBXGroup;
			children = (
				E8324E78262076EB00FD2124 /* CocktailBook */,
				E8324E8F262076EE00FD2124 /* CocktailBookTests */,
				E8324E9A262076EE00FD2124 /* CocktailBookUITests */,
				E8324E77262076EB00FD2124 /* Products */,
			);
			sourceTree = "<group>";
		};
		E8324E77262076EB00FD2124 /* Products */ = {
			isa = PBXGroup;
			children = (
				E8324E76262076EB00FD2124 /* CocktailBook.app */,
				E8324E8C262076EE00FD2124 /* CocktailBookTests.xctest */,
				E8324E97262076EE00FD2124 /* CocktailBookUITests.xctest */,
			);
			name = Products;
			sourceTree = "<group>";
		};
		E8324E78262076EB00FD2124 /* CocktailBook */ = {
			isa = PBXGroup;
			children = (
				BA47684C2D0DFB7900193BE7 /* DatabaseManager */,
				E8324E79262076EB00FD2124 /* AppDelegate.swift */,
				E8324E7B262076EB00FD2124 /* SceneDelegate.swift */,
				BA5675402D0F590600BAEB3A /* Model */,
				BA5675412D0F590F00BAEB3A /* ViewModel */,
				BA56753F2D0F58FD00BAEB3A /* View */,
				E8324E7F262076EE00FD2124 /* Assets.xcassets */,
				E8324E84262076EE00FD2124 /* LaunchScreen.storyboard */,
				E8324E87262076EE00FD2124 /* Info.plist */,
				BA56754B2D0F6B7100BAEB3A /* sample.json */,
				BA56753C2D0F564300BAEB3A /* Localizable.strings */,
				E8324EAC2620774B00FD2124 /* MainScreenViewController.swift */,
			);
			path = CocktailBook;
			sourceTree = "<group>";
		};
		E8324E8F262076EE00FD2124 /* CocktailBookTests */ = {
			isa = PBXGroup;
			children = (
				BA6FD6272D0EF9C7007974AF /* CocktailsViewModelTests.swift */,
				BA56752E2D0F2AC200BAEB3A /* CoreDataManagerTests.swift */,
				BA5675302D0F2C0900BAEB3A /* CocktailsViewTests.swift */,
				BA5675322D0F2E3D00BAEB3A /* CocktailRowViewTests.swift */,
				BA5675342D0F2F3400BAEB3A /* CocktailDetailViewTests.swift */,
				BA5675362D0F2FDD00BAEB3A /* CocktailTests.swift */,
				E8324E92262076EE00FD2124 /* Info.plist */,
			);
			path = CocktailBookTests;
			sourceTree = "<group>";
		};
		E8324E9A262076EE00FD2124 /* CocktailBookUITests */ = {
			isa = PBXGroup;
			children = (
				E8324E9B262076EE00FD2124 /* CocktailBookUITests.swift */,
				E8324E9D262076EE00FD2124 /* Info.plist */,
			);
			path = CocktailBookUITests;
			sourceTree = "<group>";
		};
/* End PBXGroup section */

/* Begin PBXNativeTarget section */
		E8324E75262076EB00FD2124 /* CocktailBook */ = {
			isa = PBXNativeTarget;
			buildConfigurationList = E8324EA0262076EE00FD2124 /* Build configuration list for PBXNativeTarget "CocktailBook" */;
			buildPhases = (
				E8324E72262076EB00FD2124 /* Sources */,
				E8324E73262076EB00FD2124 /* Frameworks */,
				E8324E74262076EB00FD2124 /* Resources */,
			);
			buildRules = (
			);
			dependencies = (
			);
			name = CocktailBook;
			packageProductDependencies = (
				BA5675462D0F65A100BAEB3A /* CocktailsAPI */,
			);
			productName = CocktailBook;
			productReference = E8324E76262076EB00FD2124 /* CocktailBook.app */;
			productType = "com.apple.product-type.application";
		};
		E8324E8B262076EE00FD2124 /* CocktailBookTests */ = {
			isa = PBXNativeTarget;
			buildConfigurationList = E8324EA3262076EE00FD2124 /* Build configuration list for PBXNativeTarget "CocktailBookTests" */;
			buildPhases = (
				E8324E88262076EE00FD2124 /* Sources */,
				E8324E89262076EE00FD2124 /* Frameworks */,
				E8324E8A262076EE00FD2124 /* Resources */,
			);
			buildRules = (
			);
			dependencies = (
				E8324E8E262076EE00FD2124 /* PBXTargetDependency */,
			);
			name = CocktailBookTests;
			productName = CocktailBookTests;
			productReference = E8324E8C262076EE00FD2124 /* CocktailBookTests.xctest */;
			productType = "com.apple.product-type.bundle.unit-test";
		};
		E8324E96262076EE00FD2124 /* CocktailBookUITests */ = {
			isa = PBXNativeTarget;
			buildConfigurationList = E8324EA6262076EE00FD2124 /* Build configuration list for PBXNativeTarget "CocktailBookUITests" */;
			buildPhases = (
				E8324E93262076EE00FD2124 /* Sources */,
				E8324E94262076EE00FD2124 /* Frameworks */,
				E8324E95262076EE00FD2124 /* Resources */,
			);
			buildRules = (
			);
			dependencies = (
				E8324E99262076EE00FD2124 /* PBXTargetDependency */,
			);
			name = CocktailBookUITests;
			productName = CocktailBookUITests;
			productReference = E8324E97262076EE00FD2124 /* CocktailBookUITests.xctest */;
			productType = "com.apple.product-type.bundle.ui-testing";
		};
/* End PBXNativeTarget section */

/* Begin PBXProject section */
		E8324E6E262076EB00FD2124 /* Project object */ = {
			isa = PBXProject;
			attributes = {
				LastSwiftUpdateCheck = 1240;
				LastUpgradeCheck = 1240;
				TargetAttributes = {
					E8324E75262076EB00FD2124 = {
						CreatedOnToolsVersion = 12.4;
					};
					E8324E8B262076EE00FD2124 = {
						CreatedOnToolsVersion = 12.4;
						TestTargetID = E8324E75262076EB00FD2124;
					};
					E8324E96262076EE00FD2124 = {
						CreatedOnToolsVersion = 12.4;
						TestTargetID = E8324E75262076EB00FD2124;
					};
				};
			};
			buildConfigurationList = E8324E71262076EB00FD2124 /* Build configuration list for PBXProject "CocktailBook" */;
			compatibilityVersion = "Xcode 9.3";
			developmentRegion = en;
			hasScannedForEncodings = 0;
			knownRegions = (
				en,
				Base,
			);
			mainGroup = E8324E6D262076EB00FD2124;
			packageReferences = (
				BA56754D2D0F6C6B00BAEB3A /* XCLocalSwiftPackageReference "CocktailsAPIPackage" */,
			);
			productRefGroup = E8324E77262076EB00FD2124 /* Products */;
			projectDirPath = "";
			projectRoot = "";
			targets = (
				E8324E75262076EB00FD2124 /* CocktailBook */,
				E8324E8B262076EE00FD2124 /* CocktailBookTests */,
				E8324E96262076EE00FD2124 /* CocktailBookUITests */,
			);
		};
/* End PBXProject section */

/* Begin PBXResourcesBuildPhase section */
		E8324E74262076EB00FD2124 /* Resources */ = {
			isa = PBXResourcesBuildPhase;
			buildActionMask = 2147483647;
			files = (
				E8324E86262076EE00FD2124 /* LaunchScreen.storyboard in Resources */,
				BA56754C2D0F6B7100BAEB3A /* sample.json in Resources */,
				BA56753E2D0F564300BAEB3A /* Localizable.strings in Resources */,
				E8324E80262076EE00FD2124 /* Assets.xcassets in Resources */,
			);
			runOnlyForDeploymentPostprocessing = 0;
		};
		E8324E8A262076EE00FD2124 /* Resources */ = {
			isa = PBXResourcesBuildPhase;
			buildActionMask = 2147483647;
			files = (
			);
			runOnlyForDeploymentPostprocessing = 0;
		};
		E8324E95262076EE00FD2124 /* Resources */ = {
			isa = PBXResourcesBuildPhase;
			buildActionMask = 2147483647;
			files = (
			);
			runOnlyForDeploymentPostprocessing = 0;
		};
/* End PBXResourcesBuildPhase section */

/* Begin PBXSourcesBuildPhase section */
		E8324E72262076EB00FD2124 /* Sources */ = {
			isa = PBXSourcesBuildPhase;
			buildActionMask = 2147483647;
			files = (
				BA3E15942D0C7E3C0082C465 /* Cocktail.swift in Sources */,
				BA3E159E2D0C818D0082C465 /* CocktailRowView.swift in Sources */,
				BA3E159C2D0C81710082C465 /* CocktailsView.swift in Sources */,
				BA3E15A02D0C81A00082C465 /* CocktailDetailView.swift in Sources */,
				BA4768802D0E14DA00193BE7 /* CocktailDBEntity+CoreDataClass.swift in Sources */,
				BA4768812D0E14DA00193BE7 /* CocktailDBEntity+CoreDataProperties.swift in Sources */,
				BA3E159A2D0C81590082C465 /* CocktailsViewModel.swift in Sources */,
				BA4768762D0E078900193BE7 /* CocktailDB.xcdatamodeld in Sources */,
				E8324E7A262076EB00FD2124 /* AppDelegate.swift in Sources */,
				E8324EAD2620774B00FD2124 /* MainScreenViewController.swift in Sources */,
				BA3E15982D0C813C0082C465 /* CoreDataManager.swift in Sources */,
				E8324E7C262076EB00FD2124 /* SceneDelegate.swift in Sources */,
			);
			runOnlyForDeploymentPostprocessing = 0;
		};
		E8324E88262076EE00FD2124 /* Sources */ = {
			isa = PBXSourcesBuildPhase;
			buildActionMask = 2147483647;
			files = (
				BA6FD6282D0EF9C7007974AF /* CocktailsViewModelTests.swift in Sources */,
				BA5675372D0F2FDD00BAEB3A /* CocktailTests.swift in Sources */,
				BA5675332D0F2E3D00BAEB3A /* CocktailRowViewTests.swift in Sources */,
				BA4768772D0E078900193BE7 /* CocktailDB.xcdatamodeld in Sources */,
				BA5675352D0F2F3400BAEB3A /* CocktailDetailViewTests.swift in Sources */,
				BA56752F2D0F2AC200BAEB3A /* CoreDataManagerTests.swift in Sources */,
				BA5675312D0F2C0900BAEB3A /* CocktailsViewTests.swift in Sources */,
			);
			runOnlyForDeploymentPostprocessing = 0;
		};
		E8324E93262076EE00FD2124 /* Sources */ = {
			isa = PBXSourcesBuildPhase;
			buildActionMask = 2147483647;
			files = (
				E8324E9C262076EE00FD2124 /* CocktailBookUITests.swift in Sources */,
			);
			runOnlyForDeploymentPostprocessing = 0;
		};
/* End PBXSourcesBuildPhase section */

/* Begin PBXTargetDependency section */
		E8324E8E262076EE00FD2124 /* PBXTargetDependency */ = {
			isa = PBXTargetDependency;
			target = E8324E75262076EB00FD2124 /* CocktailBook */;
			targetProxy = E8324E8D262076EE00FD2124 /* PBXContainerItemProxy */;
		};
		E8324E99262076EE00FD2124 /* PBXTargetDependency */ = {
			isa = PBXTargetDependency;
			target = E8324E75262076EB00FD2124 /* CocktailBook */;
			targetProxy = E8324E98262076EE00FD2124 /* PBXContainerItemProxy */;
		};
/* End PBXTargetDependency section */

/* Begin PBXVariantGroup section */
		BA56753C2D0F564300BAEB3A /* Localizable.strings */ = {
			isa = PBXVariantGroup;
			children = (
				BA56753D2D0F564300BAEB3A /* en */,
			);
			name = Localizable.strings;
			sourceTree = "<group>";
		};
		E8324E84262076EE00FD2124 /* LaunchScreen.storyboard */ = {
			isa = PBXVariantGroup;
			children = (
				E8324E85262076EE00FD2124 /* Base */,
			);
			name = LaunchScreen.storyboard;
			sourceTree = "<group>";
		};
/* End PBXVariantGroup section */

/* Begin XCBuildConfiguration section */
		E8324E9E262076EE00FD2124 /* Debug */ = {
			isa = XCBuildConfiguration;
			buildSettings = {
				ALWAYS_SEARCH_USER_PATHS = NO;
				CLANG_ANALYZER_NONNULL = YES;
				CLANG_ANALYZER_NUMBER_OBJECT_CONVERSION = YES_AGGRESSIVE;
				CLANG_CXX_LANGUAGE_STANDARD = "gnu++14";
				CLANG_CXX_LIBRARY = "libc++";
				CLANG_ENABLE_MODULES = YES;
				CLANG_ENABLE_OBJC_ARC = YES;
				CLANG_ENABLE_OBJC_WEAK = YES;
				CLANG_WARN_BLOCK_CAPTURE_AUTORELEASING = YES;
				CLANG_WARN_BOOL_CONVERSION = YES;
				CLANG_WARN_COMMA = YES;
				CLANG_WARN_CONSTANT_CONVERSION = YES;
				CLANG_WARN_DEPRECATED_OBJC_IMPLEMENTATIONS = YES;
				CLANG_WARN_DIRECT_OBJC_ISA_USAGE = YES_ERROR;
				CLANG_WARN_DOCUMENTATION_COMMENTS = YES;
				CLANG_WARN_EMPTY_BODY = YES;
				CLANG_WARN_ENUM_CONVERSION = YES;
				CLANG_WARN_INFINITE_RECURSION = YES;
				CLANG_WARN_INT_CONVERSION = YES;
				CLANG_WARN_NON_LITERAL_NULL_CONVERSION = YES;
				CLANG_WARN_OBJC_IMPLICIT_RETAIN_SELF = YES;
				CLANG_WARN_OBJC_LITERAL_CONVERSION = YES;
				CLANG_WARN_OBJC_ROOT_CLASS = YES_ERROR;
				CLANG_WARN_QUOTED_INCLUDE_IN_FRAMEWORK_HEADER = YES;
				CLANG_WARN_RANGE_LOOP_ANALYSIS = YES;
				CLANG_WARN_STRICT_PROTOTYPES = YES;
				CLANG_WARN_SUSPICIOUS_MOVE = YES;
				CLANG_WARN_UNGUARDED_AVAILABILITY = YES_AGGRESSIVE;
				CLANG_WARN_UNREACHABLE_CODE = YES;
				CLANG_WARN__DUPLICATE_METHOD_MATCH = YES;
				COPY_PHASE_STRIP = NO;
				DEBUG_INFORMATION_FORMAT = dwarf;
				ENABLE_STRICT_OBJC_MSGSEND = YES;
				ENABLE_TESTABILITY = YES;
				GCC_C_LANGUAGE_STANDARD = gnu11;
				GCC_DYNAMIC_NO_PIC = NO;
				GCC_NO_COMMON_BLOCKS = YES;
				GCC_OPTIMIZATION_LEVEL = 0;
				GCC_PREPROCESSOR_DEFINITIONS = (
					"DEBUG=1",
					"$(inherited)",
				);
				GCC_WARN_64_TO_32_BIT_CONVERSION = YES;
				GCC_WARN_ABOUT_RETURN_TYPE = YES_ERROR;
				GCC_WARN_UNDECLARED_SELECTOR = YES;
				GCC_WARN_UNINITIALIZED_AUTOS = YES_AGGRESSIVE;
				GCC_WARN_UNUSED_FUNCTION = YES;
				GCC_WARN_UNUSED_VARIABLE = YES;
				IPHONEOS_DEPLOYMENT_TARGET = 13.2;
				MTL_ENABLE_DEBUG_INFO = INCLUDE_SOURCE;
				MTL_FAST_MATH = YES;
				ONLY_ACTIVE_ARCH = YES;
				SDKROOT = iphoneos;
				SWIFT_ACTIVE_COMPILATION_CONDITIONS = DEBUG;
				SWIFT_OPTIMIZATION_LEVEL = "-Onone";
			};
			name = Debug;
		};
		E8324E9F262076EE00FD2124 /* Release */ = {
			isa = XCBuildConfiguration;
			buildSettings = {
				ALWAYS_SEARCH_USER_PATHS = NO;
				CLANG_ANALYZER_NONNULL = YES;
				CLANG_ANALYZER_NUMBER_OBJECT_CONVERSION = YES_AGGRESSIVE;
				CLANG_CXX_LANGUAGE_STANDARD = "gnu++14";
				CLANG_CXX_LIBRARY = "libc++";
				CLANG_ENABLE_MODULES = YES;
				CLANG_ENABLE_OBJC_ARC = YES;
				CLANG_ENABLE_OBJC_WEAK = YES;
				CLANG_WARN_BLOCK_CAPTURE_AUTORELEASING = YES;
				CLANG_WARN_BOOL_CONVERSION = YES;
				CLANG_WARN_COMMA = YES;
				CLANG_WARN_CONSTANT_CONVERSION = YES;
				CLANG_WARN_DEPRECATED_OBJC_IMPLEMENTATIONS = YES;
				CLANG_WARN_DIRECT_OBJC_ISA_USAGE = YES_ERROR;
				CLANG_WARN_DOCUMENTATION_COMMENTS = YES;
				CLANG_WARN_EMPTY_BODY = YES;
				CLANG_WARN_ENUM_CONVERSION = YES;
				CLANG_WARN_INFINITE_RECURSION = YES;
				CLANG_WARN_INT_CONVERSION = YES;
				CLANG_WARN_NON_LITERAL_NULL_CONVERSION = YES;
				CLANG_WARN_OBJC_IMPLICIT_RETAIN_SELF = YES;
				CLANG_WARN_OBJC_LITERAL_CONVERSION = YES;
				CLANG_WARN_OBJC_ROOT_CLASS = YES_ERROR;
				CLANG_WARN_QUOTED_INCLUDE_IN_FRAMEWORK_HEADER = YES;
				CLANG_WARN_RANGE_LOOP_ANALYSIS = YES;
				CLANG_WARN_STRICT_PROTOTYPES = YES;
				CLANG_WARN_SUSPICIOUS_MOVE = YES;
				CLANG_WARN_UNGUARDED_AVAILABILITY = YES_AGGRESSIVE;
				CLANG_WARN_UNREACHABLE_CODE = YES;
				CLANG_WARN__DUPLICATE_METHOD_MATCH = YES;
				COPY_PHASE_STRIP = NO;
				DEBUG_INFORMATION_FORMAT = "dwarf-with-dsym";
				ENABLE_NS_ASSERTIONS = NO;
				ENABLE_STRICT_OBJC_MSGSEND = YES;
				GCC_C_LANGUAGE_STANDARD = gnu11;
				GCC_NO_COMMON_BLOCKS = YES;
				GCC_WARN_64_TO_32_BIT_CONVERSION = YES;
				GCC_WARN_ABOUT_RETURN_TYPE = YES_ERROR;
				GCC_WARN_UNDECLARED_SELECTOR = YES;
				GCC_WARN_UNINITIALIZED_AUTOS = YES_AGGRESSIVE;
				GCC_WARN_UNUSED_FUNCTION = YES;
				GCC_WARN_UNUSED_VARIABLE = YES;
				IPHONEOS_DEPLOYMENT_TARGET = 13.2;
				MTL_ENABLE_DEBUG_INFO = NO;
				MTL_FAST_MATH = YES;
				SDKROOT = iphoneos;
				SWIFT_COMPILATION_MODE = wholemodule;
				SWIFT_OPTIMIZATION_LEVEL = "-O";
				VALIDATE_PRODUCT = YES;
			};
			name = Release;
		};
		E8324EA1262076EE00FD2124 /* Debug */ = {
			isa = XCBuildConfiguration;
			buildSettings = {
				ASSETCATALOG_COMPILER_APPICON_NAME = AppIcon;
				ASSETCATALOG_COMPILER_GLOBAL_ACCENT_COLOR_NAME = AccentColor;
				CODE_SIGN_STYLE = Automatic;
				DEVELOPMENT_ASSET_PATHS = "";
				ENABLE_PREVIEWS = YES;
				INFOPLIST_FILE = CocktailBook/Info.plist;
				IPHONEOS_DEPLOYMENT_TARGET = 13.2;
				LD_RUNPATH_SEARCH_PATHS = (
					"$(inherited)",
					"@executable_path/Frameworks",
				);
				PRODUCT_BUNDLE_IDENTIFIER = com.testAssignment.CocktailBook;
				PRODUCT_NAME = "$(TARGET_NAME)";
				SWIFT_VERSION = 5.0;
				TARGETED_DEVICE_FAMILY = 1;
			};
			name = Debug;
		};
		E8324EA2262076EE00FD2124 /* Release */ = {
			isa = XCBuildConfiguration;
			buildSettings = {
				ASSETCATALOG_COMPILER_APPICON_NAME = AppIcon;
				ASSETCATALOG_COMPILER_GLOBAL_ACCENT_COLOR_NAME = AccentColor;
				CODE_SIGN_STYLE = Automatic;
				DEVELOPMENT_ASSET_PATHS = "";
				ENABLE_PREVIEWS = YES;
				INFOPLIST_FILE = CocktailBook/Info.plist;
				IPHONEOS_DEPLOYMENT_TARGET = 13.2;
				LD_RUNPATH_SEARCH_PATHS = (
					"$(inherited)",
					"@executable_path/Frameworks",
				);
				PRODUCT_BUNDLE_IDENTIFIER = com.testAssignment.CocktailBook;
				PRODUCT_NAME = "$(TARGET_NAME)";
				SWIFT_VERSION = 5.0;
				TARGETED_DEVICE_FAMILY = 1;
			};
			name = Release;
		};
		E8324EA4262076EE00FD2124 /* Debug */ = {
			isa = XCBuildConfiguration;
			buildSettings = {
				ALWAYS_EMBED_SWIFT_STANDARD_LIBRARIES = YES;
				BUNDLE_LOADER = "$(TEST_HOST)";
				CODE_SIGN_STYLE = Automatic;
				INFOPLIST_FILE = CocktailBookTests/Info.plist;
				IPHONEOS_DEPLOYMENT_TARGET = 13.2;
				LD_RUNPATH_SEARCH_PATHS = (
					"$(inherited)",
					"@executable_path/Frameworks",
					"@loader_path/Frameworks",
				);
				PRODUCT_BUNDLE_IDENTIFIER = com.testAssignment.CocktailBookTests;
				PRODUCT_NAME = "$(TARGET_NAME)";
				SWIFT_VERSION = 5.0;
				TARGETED_DEVICE_FAMILY = "1,2";
				TEST_HOST = "$(BUILT_PRODUCTS_DIR)/CocktailBook.app/CocktailBook";
			};
			name = Debug;
		};
		E8324EA5262076EE00FD2124 /* Release */ = {
			isa = XCBuildConfiguration;
			buildSettings = {
				ALWAYS_EMBED_SWIFT_STANDARD_LIBRARIES = YES;
				BUNDLE_LOADER = "$(TEST_HOST)";
				CODE_SIGN_STYLE = Automatic;
				INFOPLIST_FILE = CocktailBookTests/Info.plist;
				IPHONEOS_DEPLOYMENT_TARGET = 13.2;
				LD_RUNPATH_SEARCH_PATHS = (
					"$(inherited)",
					"@executable_path/Frameworks",
					"@loader_path/Frameworks",
				);
				PRODUCT_BUNDLE_IDENTIFIER = com.testAssignment.CocktailBookTests;
				PRODUCT_NAME = "$(TARGET_NAME)";
				SWIFT_VERSION = 5.0;
				TARGETED_DEVICE_FAMILY = "1,2";
				TEST_HOST = "$(BUILT_PRODUCTS_DIR)/CocktailBook.app/CocktailBook";
			};
			name = Release;
		};
		E8324EA7262076EE00FD2124 /* Debug */ = {
			isa = XCBuildConfiguration;
			buildSettings = {
				ALWAYS_EMBED_SWIFT_STANDARD_LIBRARIES = YES;
				CODE_SIGN_STYLE = Automatic;
				INFOPLIST_FILE = CocktailBookUITests/Info.plist;
				IPHONEOS_DEPLOYMENT_TARGET = 13.2;
				LD_RUNPATH_SEARCH_PATHS = (
					"$(inherited)",
					"@executable_path/Frameworks",
					"@loader_path/Frameworks",
				);
				PRODUCT_BUNDLE_IDENTIFIER = com.testAssignment.CocktailBookUITests;
				PRODUCT_NAME = "$(TARGET_NAME)";
				SWIFT_VERSION = 5.0;
				TARGETED_DEVICE_FAMILY = "1,2";
				TEST_TARGET_NAME = CocktailBook;
			};
			name = Debug;
		};
		E8324EA8262076EE00FD2124 /* Release */ = {
			isa = XCBuildConfiguration;
			buildSettings = {
				ALWAYS_EMBED_SWIFT_STANDARD_LIBRARIES = YES;
				CODE_SIGN_STYLE = Automatic;
				INFOPLIST_FILE = CocktailBookUITests/Info.plist;
				IPHONEOS_DEPLOYMENT_TARGET = 13.2;
				LD_RUNPATH_SEARCH_PATHS = (
					"$(inherited)",
					"@executable_path/Frameworks",
					"@loader_path/Frameworks",
				);
				PRODUCT_BUNDLE_IDENTIFIER = com.testAssignment.CocktailBookUITests;
				PRODUCT_NAME = "$(TARGET_NAME)";
				SWIFT_VERSION = 5.0;
				TARGETED_DEVICE_FAMILY = "1,2";
				TEST_TARGET_NAME = CocktailBook;
			};
			name = Release;
		};
/* End XCBuildConfiguration section */

/* Begin XCConfigurationList section */
		E8324E71262076EB00FD2124 /* Build configuration list for PBXProject "CocktailBook" */ = {
			isa = XCConfigurationList;
			buildConfigurations = (
				E8324E9E262076EE00FD2124 /* Debug */,
				E8324E9F262076EE00FD2124 /* Release */,
			);
			defaultConfigurationIsVisible = 0;
			defaultConfigurationName = Release;
		};
		E8324EA0262076EE00FD2124 /* Build configuration list for PBXNativeTarget "CocktailBook" */ = {
			isa = XCConfigurationList;
			buildConfigurations = (
				E8324EA1262076EE00FD2124 /* Debug */,
				E8324EA2262076EE00FD2124 /* Release */,
			);
			defaultConfigurationIsVisible = 0;
			defaultConfigurationName = Release;
		};
		E8324EA3262076EE00FD2124 /* Build configuration list for PBXNativeTarget "CocktailBookTests" */ = {
			isa = XCConfigurationList;
			buildConfigurations = (
				E8324EA4262076EE00FD2124 /* Debug */,
				E8324EA5262076EE00FD2124 /* Release */,
			);
			defaultConfigurationIsVisible = 0;
			defaultConfigurationName = Release;
		};
		E8324EA6262076EE00FD2124 /* Build configuration list for PBXNativeTarget "CocktailBookUITests" */ = {
			isa = XCConfigurationList;
			buildConfigurations = (
				E8324EA7262076EE00FD2124 /* Debug */,
				E8324EA8262076EE00FD2124 /* Release */,
			);
			defaultConfigurationIsVisible = 0;
			defaultConfigurationName = Release;
		};
/* End XCConfigurationList section */

/* Begin XCLocalSwiftPackageReference section */
		BA56754D2D0F6C6B00BAEB3A /* XCLocalSwiftPackageReference "CocktailsAPIPackage" */ = {
			isa = XCLocalSwiftPackageReference;
			relativePath = CocktailsAPIPackage;
		};
/* End XCLocalSwiftPackageReference section */

/* Begin XCSwiftPackageProductDependency section */
		BA5675462D0F65A100BAEB3A /* CocktailsAPI */ = {
			isa = XCSwiftPackageProductDependency;
			productName = CocktailsAPI;
		};
/* End XCSwiftPackageProductDependency section */

/* Begin XCVersionGroup section */
		BA4768742D0E078900193BE7 /* CocktailDB.xcdatamodeld */ = {
			isa = XCVersionGroup;
			children = (
				BA4768752D0E078900193BE7 /* CocktailDBEntity.xcdatamodel */,
			);
			currentVersion = BA4768752D0E078900193BE7 /* CocktailDBEntity.xcdatamodel */;
			path = CocktailDB.xcdatamodeld;
			sourceTree = "<group>";
			versionGroupType = wrapper.xcdatamodel;
		};
/* End XCVersionGroup section */
	};
	rootObject = E8324E6E262076EB00FD2124 /* Project object */;
}
